
Microsoft Visual Studio Solution File, Format Version 12.00
# Visual Studio Version 16
VisualStudioVersion = 16.0.30804.86
MinimumVisualStudioVersion = 10.0.40219.1
Project("{FAE04EC0-301F-11D3-BF4B-00C04F79EFBC}") = "ProductStore", "ProductStore\ProductStore.csproj", "{1346D1A3-A287-4816-AE24-846E70833404}"
EndProject
Global
	GlobalSection(SolutionConfigurationPlatforms) = preSolution
		Debug|Any CPU = Debug|Any CPU
		Release|Any CPU = Release|Any CPU
	EndGlobalSection
	GlobalSection(ProjectConfigurationPlatforms) = postSolution
		{1346D1A3-A287-4816-AE24-846E70833404}.Debug|Any CPU.ActiveCfg = Debug|Any CPU
		{1346D1A3-A287-4816-AE24-846E70833404}.Debug|Any CPU.Build.0 = Debug|Any CPU
		{1346D1A3-A287-4816-AE24-846E70833404}.Release|Any CPU.ActiveCfg = Release|Any CPU
		{1346D1A3-A287-4816-AE24-846E70833404}.Release|Any CPU.Build.0 = Release|Any CPU
	EndGlobalSection
	GlobalSection(SolutionProperties) = preSolution
		HideSolutionNode = FALSE
	EndGlobalSection
	GlobalSection(ExtensibilityGlobals) = postSolution
		SolutionGuid = {249197AD-8395-4C7E-ABB6-3F5974C83255}
	EndGlobalSection
EndGlobal
